Microsoft Visual Studio Solution File, Format Version 12.00
# Visual Studio Version 17
VisualStudioVersion = 17.5.2.0
MinimumVisualStudioVersion = 10.0.40219.1
Project("{FAE04EC0-301F-11D3-BF4B-00C04F79EFBC}") = "SpiderFleetApp", "SpiderFleetApp.csproj", "{21A29891-3834-A21B-6882-CABCF70F0799}"
EndProject
Global
	GlobalSection(SolutionConfigurationPlatforms) = preSolution
		Debug|Any CPU = Debug|Any CPU
		Release|Any CPU = Release|Any CPU
	EndGlobalSection
	GlobalSection(ProjectConfigurationPlatforms) = postSolution
		{21A29891-3834-A21B-6882-CABCF70F0799}.Debug|Any CPU.ActiveCfg = Debug|Any CPU
		{21A29891-3834-A21B-6882-CABCF70F0799}.Debug|Any CPU.Build.0 = Debug|Any CPU
		{21A29891-3834-A21B-6882-CABCF70F0799}.Release|Any CPU.ActiveCfg = Release|Any CPU
		{21A29891-3834-A21B-6882-CABCF70F0799}.Release|Any CPU.Build.0 = Release|Any CPU
	EndGlobalSection
	GlobalSection(SolutionProperties) = preSolution
		HideSolutionNode = FALSE
	EndGlobalSection
	GlobalSection(ExtensibilityGlobals) = postSolution
		SolutionGuid = {445B1F02-D48B-4BFE-BFD1-CAA5FAF02DEC}
	EndGlobalSection
EndGlobal
